
Microsoft Visual Studio Solution File, Format Version 12.00
# Visual Studio 15
VisualStudioVersion = 15.0.27130.2010
MinimumVisualStudioVersion = 10.0.40219.1
Project("{2150E333-8FDC-42A3-9474-1A3956D46DE8}") = "Engine", "Engine", "{DC934778-F864-4898-92C2-D79EFB1F423D}"
EndProject
Project("{2150E333-8FDC-42A3-9474-1A3956D46DE8}") = "Games", "Games", "{CF418302-2F87-4DEC-9518-2FCF49C31089}"
EndProject
Project("{8BC9CEB8-8B4A-11D0-8D11-00A0C91BC942}") = "UE4", "Intermediate\ProjectFiles\UE4.vcxproj", "{659D7491-C804-4979-A9AD-548E042107D3}"
EndProject
Project("{8BC9CEB8-8B4A-11D0-8D11-00A0C91BC942}") = "Abeyance", "Intermediate\ProjectFiles\Abeyance.vcxproj", "{702077A1-2031-49D6-951B-E086FD62D437}"
EndProject
Global
	GlobalSection(SolutionConfigurationPlatforms) = preSolution
		DebugGame Editor|HTML5 = DebugGame Editor|HTML5
		DebugGame Editor|Win32 = DebugGame Editor|Win32
		DebugGame Editor|Win64 = DebugGame Editor|Win64
		DebugGame|HTML5 = DebugGame|HTML5
		DebugGame|Win32 = DebugGame|Win32
		DebugGame|Win64 = DebugGame|Win64
		Development Editor|HTML5 = Development Editor|HTML5
		Development Editor|Win32 = Development Editor|Win32
		Development Editor|Win64 = Development Editor|Win64
		Development|HTML5 = Development|HTML5
		Development|Win32 = Development|Win32
		Development|Win64 = Development|Win64
		Shipping|HTML5 = Shipping|HTML5
		Shipping|Win32 = Shipping|Win32
		Shipping|Win64 = Shipping|Win64
	EndGlobalSection
	GlobalSection(ProjectConfigurationPlatforms) = postSolution
		{659D7491-C804-4979-A9AD-548E042107D3}.DebugGame Editor|HTML5.ActiveCfg = BuiltWithUnrealBuildTool|Win32
		{659D7491-C804-4979-A9AD-548E042107D3}.DebugGame Editor|HTML5.Build.0 = BuiltWithUnrealBuildTool|Win32
		{659D7491-C804-4979-A9AD-548E042107D3}.DebugGame Editor|Win32.ActiveCfg = BuiltWithUnrealBuildTool|Win32
		{659D7491-C804-4979-A9AD-548E042107D3}.DebugGame Editor|Win32.Build.0 = BuiltWithUnrealBuildTool|Win32
		{659D7491-C804-4979-A9AD-548E042107D3}.DebugGame Editor|Win64.ActiveCfg = BuiltWithUnrealBuildTool|Win32
		{659D7491-C804-4979-A9AD-548E042107D3}.DebugGame Editor|Win64.Build.0 = BuiltWithUnrealBuildTool|Win32
		{659D7491-C804-4979-A9AD-548E042107D3}.DebugGame|HTML5.ActiveCfg = BuiltWithUnrealBuildTool|Win32
		{659D7491-C804-4979-A9AD-548E042107D3}.DebugGame|HTML5.Build.0 = BuiltWithUnrealBuildTool|Win32
		{659D7491-C804-4979-A9AD-548E042107D3}.DebugGame|Win32.ActiveCfg = BuiltWithUnrealBuildTool|Win32
		{659D7491-C804-4979-A9AD-548E042107D3}.DebugGame|Win32.Build.0 = BuiltWithUnrealBuildTool|Win32
		{659D7491-C804-4979-A9AD-548E042107D3}.DebugGame|Win64.ActiveCfg = BuiltWithUnrealBuildTool|Win32
		{659D7491-C804-4979-A9AD-548E042107D3}.DebugGame|Win64.Build.0 = BuiltWithUnrealBuildTool|Win32
		{659D7491-C804-4979-A9AD-548E042107D3}.Development Editor|HTML5.ActiveCfg = BuiltWithUnrealBuildTool|Win32
		{659D7491-C804-4979-A9AD-548E042107D3}.Development Editor|HTML5.Build.0 = BuiltWithUnrealBuildTool|Win32
		{659D7491-C804-4979-A9AD-548E042107D3}.Development Editor|Win32.ActiveCfg = BuiltWithUnrealBuildTool|Win32
		{659D7491-C804-4979-A9AD-548E042107D3}.Development Editor|Win32.Build.0 = BuiltWithUnrealBuildTool|Win32
		{659D7491-C804-4979-A9AD-548E042107D3}.Development Editor|Win64.ActiveCfg = BuiltWithUnrealBuildTool|Win32
		{659D7491-C804-4979-A9AD-548E042107D3}.Development Editor|Win64.Build.0 = BuiltWithUnrealBuildTool|Win32
		{659D7491-C804-4979-A9AD-548E042107D3}.Development|HTML5.ActiveCfg = BuiltWithUnrealBuildTool|Win32
		{659D7491-C804-4979-A9AD-548E042107D3}.Development|HTML5.Build.0 = BuiltWithUnrealBuildTool|Win32
		{659D7491-C804-4979-A9AD-548E042107D3}.Development|Win32.ActiveCfg = BuiltWithUnrealBuildTool|Win32
		{659D7491-C804-4979-A9AD-548E042107D3}.Development|Win32.Build.0 = BuiltWithUnrealBuildTool|Win32
		{659D7491-C804-4979-A9AD-548E042107D3}.Development|Win64.ActiveCfg = BuiltWithUnrealBuildTool|Win32
		{659D7491-C804-4979-A9AD-548E042107D3}.Development|Win64.Build.0 = BuiltWithUnrealBuildTool|Win32
		{659D7491-C804-4979-A9AD-548E042107D3}.Shipping|HTML5.ActiveCfg = BuiltWithUnrealBuildTool|Win32
		{659D7491-C804-4979-A9AD-548E042107D3}.Shipping|HTML5.Build.0 = BuiltWithUnrealBuildTool|Win32
		{659D7491-C804-4979-A9AD-548E042107D3}.Shipping|Win32.ActiveCfg = BuiltWithUnrealBuildTool|Win32
		{659D7491-C804-4979-A9AD-548E042107D3}.Shipping|Win32.Build.0 = BuiltWithUnrealBuildTool|Win32
		{659D7491-C804-4979-A9AD-548E042107D3}.Shipping|Win64.ActiveCfg = BuiltWithUnrealBuildTool|Win32
		{659D7491-C804-4979-A9AD-548E042107D3}.Shipping|Win64.Build.0 = BuiltWithUnrealBuildTool|Win32
		{702077A1-2031-49D6-951B-E086FD62D437}.DebugGame Editor|HTML5.ActiveCfg = Development_Editor|x64
		{702077A1-2031-49D6-951B-E086FD62D437}.DebugGame Editor|HTML5.Build.0 = Development_Editor|x64
		{702077A1-2031-49D6-951B-E086FD62D437}.DebugGame Editor|Win32.ActiveCfg = DebugGame_Editor|Win32
		{702077A1-2031-49D6-951B-E086FD62D437}.DebugGame Editor|Win64.ActiveCfg = DebugGame_Editor|x64
		{702077A1-2031-49D6-951B-E086FD62D437}.DebugGame Editor|Win64.Build.0 = DebugGame_Editor|x64
		{702077A1-2031-49D6-951B-E086FD62D437}.DebugGame|HTML5.ActiveCfg = HTML5_DebugGame_Game|Win32
		{702077A1-2031-49D6-951B-E086FD62D437}.DebugGame|HTML5.Build.0 = HTML5_DebugGame_Game|Win32
		{702077A1-2031-49D6-951B-E086FD62D437}.DebugGame|Win32.ActiveCfg = DebugGame_Game|Win32
		{702077A1-2031-49D6-951B-E086FD62D437}.DebugGame|Win32.Build.0 = DebugGame_Game|Win32
		{702077A1-2031-49D6-951B-E086FD62D437}.DebugGame|Win64.ActiveCfg = DebugGame_Game|x64
		{702077A1-2031-49D6-951B-E086FD62D437}.DebugGame|Win64.Build.0 = DebugGame_Game|x64
		{702077A1-2031-49D6-951B-E086FD62D437}.Development Editor|HTML5.ActiveCfg = HTML5_Development_Editor|Win32
		{702077A1-2031-49D6-951B-E086FD62D437}.Development Editor|Win32.ActiveCfg = Development_Editor|Win32
		{702077A1-2031-49D6-951B-E086FD62D437}.Development Editor|Win64.ActiveCfg = Development_Editor|x64
		{702077A1-2031-49D6-951B-E086FD62D437}.Development Editor|Win64.Build.0 = Development_Editor|x64
		{702077A1-2031-49D6-951B-E086FD62D437}.Development|HTML5.ActiveCfg = HTML5_Development_Game|Win32
		{702077A1-2031-49D6-951B-E086FD62D437}.Development|HTML5.Build.0 = HTML5_Development_Game|Win32
		{702077A1-2031-49D6-951B-E086FD62D437}.Development|Win32.ActiveCfg = Development_Game|Win32
		{702077A1-2031-49D6-951B-E086FD62D437}.Development|Win32.Build.0 = Development_Game|Win32
		{702077A1-2031-49D6-951B-E086FD62D437}.Development|Win64.ActiveCfg = Development_Game|x64
		{702077A1-2031-49D6-951B-E086FD62D437}.Development|Win64.Build.0 = Development_Game|x64
		{702077A1-2031-49D6-951B-E086FD62D437}.Shipping|HTML5.ActiveCfg = HTML5_Shipping_Game|Win32
		{702077A1-2031-49D6-951B-E086FD62D437}.Shipping|HTML5.Build.0 = HTML5_Shipping_Game|Win32
		{702077A1-2031-49D6-951B-E086FD62D437}.Shipping|Win32.ActiveCfg = Shipping_Game|Win32
		{702077A1-2031-49D6-951B-E086FD62D437}.Shipping|Win32.Build.0 = Shipping_Game|Win32
		{702077A1-2031-49D6-951B-E086FD62D437}.Shipping|Win64.ActiveCfg = Shipping_Game|x64
		{702077A1-2031-49D6-951B-E086FD62D437}.Shipping|Win64.Build.0 = Shipping_Game|x64
	EndGlobalSection
	GlobalSection(SolutionProperties) = preSolution
		HideSolutionNode = FALSE
	EndGlobalSection
	GlobalSection(NestedProjects) = preSolution
		{659D7491-C804-4979-A9AD-548E042107D3} = {DC934778-F864-4898-92C2-D79EFB1F423D}
		{702077A1-2031-49D6-951B-E086FD62D437} = {CF418302-2F87-4DEC-9518-2FCF49C31089}
	EndGlobalSection
	GlobalSection(ExtensibilityGlobals) = postSolution
		SolutionGuid = {9DA04184-BCA3-49F3-8D6C-3E464088FD08}
	EndGlobalSection
EndGlobal
