
Microsoft Visual Studio Solution File, Format Version 12.00
# Visual Studio 15
VisualStudioVersion = 15.0.27130.2010
MinimumVisualStudioVersion = 10.0.40219.1
Project("{2150E333-8FDC-42A3-9474-1A3956D46DE8}") = "Engine", "Engine", "{2033DA55-E8E5-47FC-8BA3-D2227E078A20}"
EndProject
Project("{2150E333-8FDC-42A3-9474-1A3956D46DE8}") = "Games", "Games", "{4E2C8872-6F0B-4D01-A986-1D581A425355}"
EndProject
Project("{8BC9CEB8-8B4A-11D0-8D11-00A0C91BC942}") = "UE4", "Intermediate\ProjectFiles\UE4.vcxproj", "{DEC2EEE5-08C4-4F46-AB6A-D7CC27E7FEE4}"
EndProject
Project("{8BC9CEB8-8B4A-11D0-8D11-00A0C91BC942}") = "Abeyance", "Intermediate\ProjectFiles\Abeyance.vcxproj", "{5ED8AE42-875A-4745-B77F-70E6053AA3AC}"
EndProject
Global
	GlobalSection(SolutionConfigurationPlatforms) = preSolution
		DebugGame Editor|HTML5 = DebugGame Editor|HTML5
		DebugGame Editor|Win32 = DebugGame Editor|Win32
		DebugGame Editor|Win64 = DebugGame Editor|Win64
		DebugGame|HTML5 = DebugGame|HTML5
		DebugGame|Win32 = DebugGame|Win32
		DebugGame|Win64 = DebugGame|Win64
		Development Editor|HTML5 = Development Editor|HTML5
		Development Editor|Win32 = Development Editor|Win32
		Development Editor|Win64 = Development Editor|Win64
		Development|HTML5 = Development|HTML5
		Development|Win32 = Development|Win32
		Development|Win64 = Development|Win64
		Shipping|HTML5 = Shipping|HTML5
		Shipping|Win32 = Shipping|Win32
		Shipping|Win64 = Shipping|Win64
	EndGlobalSection
	GlobalSection(ProjectConfigurationPlatforms) = postSolution
		{DEC2EEE5-08C4-4F46-AB6A-D7CC27E7FEE4}.DebugGame Editor|HTML5.ActiveCfg = BuiltWithUnrealBuildTool|Win32
		{DEC2EEE5-08C4-4F46-AB6A-D7CC27E7FEE4}.DebugGame Editor|HTML5.Build.0 = BuiltWithUnrealBuildTool|Win32
		{DEC2EEE5-08C4-4F46-AB6A-D7CC27E7FEE4}.DebugGame Editor|Win32.ActiveCfg = BuiltWithUnrealBuildTool|Win32
		{DEC2EEE5-08C4-4F46-AB6A-D7CC27E7FEE4}.DebugGame Editor|Win32.Build.0 = BuiltWithUnrealBuildTool|Win32
		{DEC2EEE5-08C4-4F46-AB6A-D7CC27E7FEE4}.DebugGame Editor|Win64.ActiveCfg = BuiltWithUnrealBuildTool|Win32
		{DEC2EEE5-08C4-4F46-AB6A-D7CC27E7FEE4}.DebugGame Editor|Win64.Build.0 = BuiltWithUnrealBuildTool|Win32
		{DEC2EEE5-08C4-4F46-AB6A-D7CC27E7FEE4}.DebugGame|HTML5.ActiveCfg = BuiltWithUnrealBuildTool|Win32
		{DEC2EEE5-08C4-4F46-AB6A-D7CC27E7FEE4}.DebugGame|HTML5.Build.0 = BuiltWithUnrealBuildTool|Win32
		{DEC2EEE5-08C4-4F46-AB6A-D7CC27E7FEE4}.DebugGame|Win32.ActiveCfg = BuiltWithUnrealBuildTool|Win32
		{DEC2EEE5-08C4-4F46-AB6A-D7CC27E7FEE4}.DebugGame|Win32.Build.0 = BuiltWithUnrealBuildTool|Win32
		{DEC2EEE5-08C4-4F46-AB6A-D7CC27E7FEE4}.DebugGame|Win64.ActiveCfg = BuiltWithUnrealBuildTool|Win32
		{DEC2EEE5-08C4-4F46-AB6A-D7CC27E7FEE4}.DebugGame|Win64.Build.0 = BuiltWithUnrealBuildTool|Win32
		{DEC2EEE5-08C4-4F46-AB6A-D7CC27E7FEE4}.Development Editor|HTML5.ActiveCfg = BuiltWithUnrealBuildTool|Win32
		{DEC2EEE5-08C4-4F46-AB6A-D7CC27E7FEE4}.Development Editor|HTML5.Build.0 = BuiltWithUnrealBuildTool|Win32
		{DEC2EEE5-08C4-4F46-AB6A-D7CC27E7FEE4}.Development Editor|Win32.ActiveCfg = BuiltWithUnrealBuildTool|Win32
		{DEC2EEE5-08C4-4F46-AB6A-D7CC27E7FEE4}.Development Editor|Win32.Build.0 = BuiltWithUnrealBuildTool|Win32
		{DEC2EEE5-08C4-4F46-AB6A-D7CC27E7FEE4}.Development Editor|Win64.ActiveCfg = BuiltWithUnrealBuildTool|Win32
		{DEC2EEE5-08C4-4F46-AB6A-D7CC27E7FEE4}.Development Editor|Win64.Build.0 = BuiltWithUnrealBuildTool|Win32
		{DEC2EEE5-08C4-4F46-AB6A-D7CC27E7FEE4}.Development|HTML5.ActiveCfg = BuiltWithUnrealBuildTool|Win32
		{DEC2EEE5-08C4-4F46-AB6A-D7CC27E7FEE4}.Development|HTML5.Build.0 = BuiltWithUnrealBuildTool|Win32
		{DEC2EEE5-08C4-4F46-AB6A-D7CC27E7FEE4}.Development|Win32.ActiveCfg = BuiltWithUnrealBuildTool|Win32
		{DEC2EEE5-08C4-4F46-AB6A-D7CC27E7FEE4}.Development|Win32.Build.0 = BuiltWithUnrealBuildTool|Win32
		{DEC2EEE5-08C4-4F46-AB6A-D7CC27E7FEE4}.Development|Win64.ActiveCfg = BuiltWithUnrealBuildTool|Win32
		{DEC2EEE5-08C4-4F46-AB6A-D7CC27E7FEE4}.Development|Win64.Build.0 = BuiltWithUnrealBuildTool|Win32
		{DEC2EEE5-08C4-4F46-AB6A-D7CC27E7FEE4}.Shipping|HTML5.ActiveCfg = BuiltWithUnrealBuildTool|Win32
		{DEC2EEE5-08C4-4F46-AB6A-D7CC27E7FEE4}.Shipping|HTML5.Build.0 = BuiltWithUnrealBuildTool|Win32
		{DEC2EEE5-08C4-4F46-AB6A-D7CC27E7FEE4}.Shipping|Win32.ActiveCfg = BuiltWithUnrealBuildTool|Win32
		{DEC2EEE5-08C4-4F46-AB6A-D7CC27E7FEE4}.Shipping|Win32.Build.0 = BuiltWithUnrealBuildTool|Win32
		{DEC2EEE5-08C4-4F46-AB6A-D7CC27E7FEE4}.Shipping|Win64.ActiveCfg = BuiltWithUnrealBuildTool|Win32
		{DEC2EEE5-08C4-4F46-AB6A-D7CC27E7FEE4}.Shipping|Win64.Build.0 = BuiltWithUnrealBuildTool|Win32
		{5ED8AE42-875A-4745-B77F-70E6053AA3AC}.DebugGame Editor|HTML5.ActiveCfg = HTML5_DebugGame_Editor|Win32
		{5ED8AE42-875A-4745-B77F-70E6053AA3AC}.DebugGame Editor|Win32.ActiveCfg = DebugGame_Editor|Win32
		{5ED8AE42-875A-4745-B77F-70E6053AA3AC}.DebugGame Editor|Win64.ActiveCfg = DebugGame_Editor|x64
		{5ED8AE42-875A-4745-B77F-70E6053AA3AC}.DebugGame Editor|Win64.Build.0 = DebugGame_Editor|x64
		{5ED8AE42-875A-4745-B77F-70E6053AA3AC}.DebugGame|HTML5.ActiveCfg = HTML5_DebugGame_Game|Win32
		{5ED8AE42-875A-4745-B77F-70E6053AA3AC}.DebugGame|HTML5.Build.0 = HTML5_DebugGame_Game|Win32
		{5ED8AE42-875A-4745-B77F-70E6053AA3AC}.DebugGame|Win32.ActiveCfg = DebugGame_Game|Win32
		{5ED8AE42-875A-4745-B77F-70E6053AA3AC}.DebugGame|Win32.Build.0 = DebugGame_Game|Win32
		{5ED8AE42-875A-4745-B77F-70E6053AA3AC}.DebugGame|Win64.ActiveCfg = DebugGame_Game|x64
		{5ED8AE42-875A-4745-B77F-70E6053AA3AC}.DebugGame|Win64.Build.0 = DebugGame_Game|x64
		{5ED8AE42-875A-4745-B77F-70E6053AA3AC}.Development Editor|HTML5.ActiveCfg = HTML5_Development_Editor|Win32
		{5ED8AE42-875A-4745-B77F-70E6053AA3AC}.Development Editor|Win32.ActiveCfg = Development_Editor|Win32
		{5ED8AE42-875A-4745-B77F-70E6053AA3AC}.Development Editor|Win64.ActiveCfg = Development_Editor|x64
		{5ED8AE42-875A-4745-B77F-70E6053AA3AC}.Development Editor|Win64.Build.0 = Development_Editor|x64
		{5ED8AE42-875A-4745-B77F-70E6053AA3AC}.Development|HTML5.ActiveCfg = HTML5_Development_Game|Win32
		{5ED8AE42-875A-4745-B77F-70E6053AA3AC}.Development|HTML5.Build.0 = HTML5_Development_Game|Win32
		{5ED8AE42-875A-4745-B77F-70E6053AA3AC}.Development|Win32.ActiveCfg = Development_Game|Win32
		{5ED8AE42-875A-4745-B77F-70E6053AA3AC}.Development|Win32.Build.0 = Development_Game|Win32
		{5ED8AE42-875A-4745-B77F-70E6053AA3AC}.Development|Win64.ActiveCfg = Development_Game|x64
		{5ED8AE42-875A-4745-B77F-70E6053AA3AC}.Development|Win64.Build.0 = Development_Game|x64
		{5ED8AE42-875A-4745-B77F-70E6053AA3AC}.Shipping|HTML5.ActiveCfg = HTML5_Shipping_Game|Win32
		{5ED8AE42-875A-4745-B77F-70E6053AA3AC}.Shipping|HTML5.Build.0 = HTML5_Shipping_Game|Win32
		{5ED8AE42-875A-4745-B77F-70E6053AA3AC}.Shipping|Win32.ActiveCfg = Shipping_Game|Win32
		{5ED8AE42-875A-4745-B77F-70E6053AA3AC}.Shipping|Win32.Build.0 = Shipping_Game|Win32
		{5ED8AE42-875A-4745-B77F-70E6053AA3AC}.Shipping|Win64.ActiveCfg = Shipping_Game|x64
		{5ED8AE42-875A-4745-B77F-70E6053AA3AC}.Shipping|Win64.Build.0 = Shipping_Game|x64
	EndGlobalSection
	GlobalSection(SolutionProperties) = preSolution
		HideSolutionNode = FALSE
	EndGlobalSection
	GlobalSection(NestedProjects) = preSolution
		{DEC2EEE5-08C4-4F46-AB6A-D7CC27E7FEE4} = {2033DA55-E8E5-47FC-8BA3-D2227E078A20}
		{5ED8AE42-875A-4745-B77F-70E6053AA3AC} = {4E2C8872-6F0B-4D01-A986-1D581A425355}
	EndGlobalSection
	GlobalSection(ExtensibilityGlobals) = postSolution
		SolutionGuid = {FBAA931A-B174-4EB1-A200-D28E47A09A38}
	EndGlobalSection
EndGlobal
